
Microsoft Visual Studio Solution File, Format Version 12.00
# Visual Studio Version 17
VisualStudioVersion = 17.5.33414.496
MinimumVisualStudioVersion = 10.0.40219.1
Project("{9A19103F-16F7-4668-BE54-9A1E7A4F7556}") = "Study", "Study\Study.csproj", "{1764B057-7B3B-4E47-81C0-0A867F58A156}"
EndProject
Project("{9A19103F-16F7-4668-BE54-9A1E7A4F7556}") = "Study2", "Study2\Study2.csproj", "{3C4002A5-2ECB-4A6B-9E21-828FD6403DA5}"
EndProject
Project("{9A19103F-16F7-4668-BE54-9A1E7A4F7556}") = "Study3.Convert", "Study3.Convert\Study3.Convert.csproj", "{57213FF5-2303-44E4-B5FD-AA67A8042668}"
EndProject
Project("{9A19103F-16F7-4668-BE54-9A1E7A4F7556}") = "Study4.Arifmetic", "Study4.Arifmetic\Study4.Arifmetic.csproj", "{6B8FCCAF-E412-4E99-BD63-F32285020B87}"
EndProject
Project("{9A19103F-16F7-4668-BE54-9A1E7A4F7556}") = "Study5.Операция присваивания", "Study5.Операция присваивания\Study5.Операция присваивания.csproj", "{C7FC4768-C86C-49EC-AC0F-F5630E431946}"
EndProject
Project("{9A19103F-16F7-4668-BE54-9A1E7A4F7556}") = "Study6.Операция сравнения", "Study6.Операция сравнения\Study6.Операция сравнения.csproj", "{1969599E-908C-42C8-8866-D66FF7F99153}"
EndProject
Project("{9A19103F-16F7-4668-BE54-9A1E7A4F7556}") = "Study7.IF&ELSE", "Study7.IF&ELSE\Study7.IF&ELSE.csproj", "{9594DAB0-C1F7-42AA-8639-5965DA04DF93}"
EndProject
Project("{9A19103F-16F7-4668-BE54-9A1E7A4F7556}") = "Study7. Задача", "Study7. Задача\Study7. Задача.csproj", "{71AF0059-5E41-40B4-8750-0F1E6D6185D7}"
EndProject
Project("{FAE04EC0-301F-11D3-BF4B-00C04F79EFBC}") = "Study7.Задача№2", "Study7.Задача№2\Study7.Задача№2.csproj", "{01D3E26D-2217-4A39-A4DA-A8FA52E98BAF}"
EndProject
Global
	GlobalSection(SolutionConfigurationPlatforms) = preSolution
		Debug|Any CPU = Debug|Any CPU
		Release|Any CPU = Release|Any CPU
	EndGlobalSection
	GlobalSection(ProjectConfigurationPlatforms) = postSolution
		{1764B057-7B3B-4E47-81C0-0A867F58A156}.Debug|Any CPU.ActiveCfg = Debug|Any CPU
		{1764B057-7B3B-4E47-81C0-0A867F58A156}.Debug|Any CPU.Build.0 = Debug|Any CPU
		{1764B057-7B3B-4E47-81C0-0A867F58A156}.Release|Any CPU.ActiveCfg = Release|Any CPU
		{1764B057-7B3B-4E47-81C0-0A867F58A156}.Release|Any CPU.Build.0 = Release|Any CPU
		{3C4002A5-2ECB-4A6B-9E21-828FD6403DA5}.Debug|Any CPU.ActiveCfg = Debug|Any CPU
		{3C4002A5-2ECB-4A6B-9E21-828FD6403DA5}.Debug|Any CPU.Build.0 = Debug|Any CPU
		{3C4002A5-2ECB-4A6B-9E21-828FD6403DA5}.Release|Any CPU.ActiveCfg = Release|Any CPU
		{3C4002A5-2ECB-4A6B-9E21-828FD6403DA5}.Release|Any CPU.Build.0 = Release|Any CPU
		{57213FF5-2303-44E4-B5FD-AA67A8042668}.Debug|Any CPU.ActiveCfg = Debug|Any CPU
		{57213FF5-2303-44E4-B5FD-AA67A8042668}.Debug|Any CPU.Build.0 = Debug|Any CPU
		{57213FF5-2303-44E4-B5FD-AA67A8042668}.Release|Any CPU.ActiveCfg = Release|Any CPU
		{57213FF5-2303-44E4-B5FD-AA67A8042668}.Release|Any CPU.Build.0 = Release|Any CPU
		{6B8FCCAF-E412-4E99-BD63-F32285020B87}.Debug|Any CPU.ActiveCfg = Debug|Any CPU
		{6B8FCCAF-E412-4E99-BD63-F32285020B87}.Debug|Any CPU.Build.0 = Debug|Any CPU
		{6B8FCCAF-E412-4E99-BD63-F32285020B87}.Release|Any CPU.ActiveCfg = Release|Any CPU
		{6B8FCCAF-E412-4E99-BD63-F32285020B87}.Release|Any CPU.Build.0 = Release|Any CPU
		{C7FC4768-C86C-49EC-AC0F-F5630E431946}.Debug|Any CPU.ActiveCfg = Debug|Any CPU
		{C7FC4768-C86C-49EC-AC0F-F5630E431946}.Debug|Any CPU.Build.0 = Debug|Any CPU
		{C7FC4768-C86C-49EC-AC0F-F5630E431946}.Release|Any CPU.ActiveCfg = Release|Any CPU
		{C7FC4768-C86C-49EC-AC0F-F5630E431946}.Release|Any CPU.Build.0 = Release|Any CPU
		{1969599E-908C-42C8-8866-D66FF7F99153}.Debug|Any CPU.ActiveCfg = Debug|Any CPU
		{1969599E-908C-42C8-8866-D66FF7F99153}.Debug|Any CPU.Build.0 = Debug|Any CPU
		{1969599E-908C-42C8-8866-D66FF7F99153}.Release|Any CPU.ActiveCfg = Release|Any CPU
		{1969599E-908C-42C8-8866-D66FF7F99153}.Release|Any CPU.Build.0 = Release|Any CPU
		{9594DAB0-C1F7-42AA-8639-5965DA04DF93}.Debug|Any CPU.ActiveCfg = Debug|Any CPU
		{9594DAB0-C1F7-42AA-8639-5965DA04DF93}.Debug|Any CPU.Build.0 = Debug|Any CPU
		{9594DAB0-C1F7-42AA-8639-5965DA04DF93}.Release|Any CPU.ActiveCfg = Release|Any CPU
		{9594DAB0-C1F7-42AA-8639-5965DA04DF93}.Release|Any CPU.Build.0 = Release|Any CPU
		{71AF0059-5E41-40B4-8750-0F1E6D6185D7}.Debug|Any CPU.ActiveCfg = Debug|Any CPU
		{71AF0059-5E41-40B4-8750-0F1E6D6185D7}.Debug|Any CPU.Build.0 = Debug|Any CPU
		{71AF0059-5E41-40B4-8750-0F1E6D6185D7}.Release|Any CPU.ActiveCfg = Release|Any CPU
		{71AF0059-5E41-40B4-8750-0F1E6D6185D7}.Release|Any CPU.Build.0 = Release|Any CPU
		{01D3E26D-2217-4A39-A4DA-A8FA52E98BAF}.Debug|Any CPU.ActiveCfg = Debug|Any CPU
		{01D3E26D-2217-4A39-A4DA-A8FA52E98BAF}.Debug|Any CPU.Build.0 = Debug|Any CPU
		{01D3E26D-2217-4A39-A4DA-A8FA52E98BAF}.Release|Any CPU.ActiveCfg = Release|Any CPU
		{01D3E26D-2217-4A39-A4DA-A8FA52E98BAF}.Release|Any CPU.Build.0 = Release|Any CPU
	EndGlobalSection
	GlobalSection(SolutionProperties) = preSolution
		HideSolutionNode = FALSE
	EndGlobalSection
	GlobalSection(ExtensibilityGlobals) = postSolution
		SolutionGuid = {8BE15332-6DB4-4D80-8EB6-6FE1953920EF}
	EndGlobalSection
EndGlobal
